
Microsoft Visual Studio Solution File, Format Version 12.00
# Visual Studio Version 17
VisualStudioVersion = 17.8.34601.278
MinimumVisualStudioVersion = 10.0.40219.1
Project("{FAE04EC0-301F-11D3-BF4B-00C04F79EFBC}") = "linkedLists", "linkedLists.csproj", "{A34BE9C8-CD7D-4EF3-9C01-D215BF9F3664}"
EndProject
Global
	GlobalSection(SolutionConfigurationPlatforms) = preSolution
		Debug|Any CPU = Debug|Any CPU
		Release|Any CPU = Release|Any CPU
	EndGlobalSection
	GlobalSection(ProjectConfigurationPlatforms) = postSolution
		{A34BE9C8-CD7D-4EF3-9C01-D215BF9F3664}.Debug|Any CPU.ActiveCfg = Debug|Any CPU
		{A34BE9C8-CD7D-4EF3-9C01-D215BF9F3664}.Debug|Any CPU.Build.0 = Debug|Any CPU
		{A34BE9C8-CD7D-4EF3-9C01-D215BF9F3664}.Release|Any CPU.ActiveCfg = Release|Any CPU
		{A34BE9C8-CD7D-4EF3-9C01-D215BF9F3664}.Release|Any CPU.Build.0 = Release|Any CPU
	EndGlobalSection
	GlobalSection(SolutionProperties) = preSolution
		HideSolutionNode = FALSE
	EndGlobalSection
	GlobalSection(ExtensibilityGlobals) = postSolution
		SolutionGuid = {AA4BB38C-894A-4CBD-8F1A-A32B5D5998A6}
	EndGlobalSection
EndGlobal
